#MicroXplorer Configuration settings - do not modify
File.Version=6
KeepUserPlacement=false
Mcu.Family=STM32F1
Mcu.IP0=I2C1
Mcu.IP1=NVIC
Mcu.IP2=RCC
Mcu.IP3=SPI2
Mcu.IP4=SYS
Mcu.IP5=TIM3
Mcu.IP6=TIM4
Mcu.IPNb=7
Mcu.Name=STM32F103C(8-B)Tx
Mcu.Package=LQFP48
Mcu.Pin0=PA5
Mcu.Pin1=PA6
Mcu.Pin10=VP_SYS_VS_Systick
Mcu.Pin2=PA7
Mcu.Pin3=PB12
Mcu.Pin4=PB13
Mcu.Pin5=PB14
Mcu.Pin6=PB6
Mcu.Pin7=PB7
Mcu.Pin8=PB8
Mcu.Pin9=VP_SYS_VS_ND
Mcu.PinsNb=11
Mcu.UserConstants=
Mcu.UserName=STM32F103C8Tx
MxCube.Version=4.20.1
MxDb.Version=DB.4.0.200
NVIC.BusFault_IRQn=true\:0\:0\:false\:false\:true
NVIC.DebugMonitor_IRQn=true\:0\:0\:false\:false\:true
NVIC.HardFault_IRQn=true\:0\:0\:false\:false\:true
NVIC.MemoryManagement_IRQn=true\:0\:0\:false\:false\:true
NVIC.NonMaskableInt_IRQn=true\:0\:0\:false\:false\:true
NVIC.PendSV_IRQn=true\:0\:0\:false\:false\:true
NVIC.PriorityGroup=NVIC_PRIORITYGROUP_4
NVIC.SVCall_IRQn=true\:0\:0\:false\:false\:true
NVIC.SysTick_IRQn=true\:0\:0\:false\:false\:true
NVIC.UsageFault_IRQn=true\:0\:0\:false\:false\:true
PA5.GPIOParameters=GPIO_Label
PA5.GPIO_Label=PA5_encoder_btn
PA5.Locked=true
PA5.Signal=GPIO_Input
PA6.GPIOParameters=GPIO_Label
PA6.GPIO_Label=T3C1_encoder
PA6.Signal=S_TIM3_CH1
PA7.GPIOParameters=GPIO_Label
PA7.GPIO_Label=T3C2_encoder
PA7.Signal=S_TIM3_CH2
PB12.GPIOParameters=GPIO_Label
PB12.GPIO_Label=SPI_NSS_MAX6675_CS
PB12.Mode=NSS_Signal_Hard_Input
PB12.Signal=SPI2_NSS
PB13.GPIOParameters=GPIO_Label
PB13.GPIO_Label=SPI2_SCK_MAX6675_SCK
PB13.Mode=RX_Only_Simplex_Unidirect_Master
PB13.Signal=SPI2_SCK
PB14.GPIOParameters=GPIO_Label
PB14.GPIO_Label=SPI2_MISO_MAX6675_SO
PB14.Mode=RX_Only_Simplex_Unidirect_Master
PB14.Signal=SPI2_MISO
PB6.GPIOParameters=GPIO_Label
PB6.GPIO_Label=I2C1_SCL_display
PB6.Mode=I2C
PB6.Signal=I2C1_SCL
PB7.GPIOParameters=GPIO_Label
PB7.GPIO_Label=I2C1_SDA_display
PB7.Mode=I2C
PB7.Signal=I2C1_SDA
PB8.GPIOParameters=GPIO_Label
PB8.GPIO_Label=T4C3_pwm_output
PB8.Signal=S_TIM4_CH3
PCC.Checker=false
PCC.Line=STM32F103
PCC.MCU=STM32F103C(8-B)Tx
PCC.MXVersion=4.20.1
PCC.PartNumber=STM32F103C8Tx
PCC.Seq0=0
PCC.Series=STM32F1
PCC.Temperature=25
PCC.Vdd=3.3
RCC.APB1Freq_Value=8000000
RCC.APB2Freq_Value=8000000
RCC.FamilyName=M
RCC.IPParameters=APB1Freq_Value,APB2Freq_Value,FamilyName,PLLCLKFreq_Value,PLLMCOFreq_Value,TimSysFreq_Value
RCC.PLLCLKFreq_Value=8000000
RCC.PLLMCOFreq_Value=4000000
RCC.TimSysFreq_Value=8000000
SH.S_TIM3_CH1.0=TIM3_CH1,Encoder_Interface
SH.S_TIM3_CH1.ConfNb=1
SH.S_TIM3_CH2.0=TIM3_CH2,Encoder_Interface
SH.S_TIM3_CH2.ConfNb=1
SH.S_TIM4_CH3.0=TIM4_CH3,PWM Generation3 CH3
SH.S_TIM4_CH3.ConfNb=1
SPI2.CalculateBaudRate=4.0 MBits/s
SPI2.Direction=SPI_DIRECTION_2LINES_RXONLY
SPI2.IPParameters=VirtualType,Mode,Direction,CalculateBaudRate,VirtualNSS
SPI2.Mode=SPI_MODE_MASTER
SPI2.VirtualNSS=VM_NSSHARD
SPI2.VirtualType=VM_MASTER
TIM4.Channel-PWM\ Generation3\ CH3=TIM_CHANNEL_3
TIM4.IPParameters=Channel-PWM Generation3 CH3
VP_SYS_VS_ND.Mode=No_Debug
VP_SYS_VS_ND.Signal=SYS_VS_ND
VP_SYS_VS_Systick.Mode=SysTick
VP_SYS_VS_Systick.Signal=SYS_VS_Systick
